version = 1
revision = 3
requires-python = ">=3.13"

[[package]]
name = "attrs"
version = "25.4.0"
source = { registry = "https://pypi.org/simple" }
sdist = { url = "https://files.pythonhosted.org/packages/6b/5c/685e6633917e101e5dcb62b9dd76946cbb57c26e133bae9e0cd36033c0a9/attrs-25.4.0.tar.gz", hash = "sha256:16d5969b87f0859ef33a48b35d55ac1be6e42ae49d5e853b597db70c35c57e11", size = 934251, upload-time = "2025-10-06T13:54:44.725Z" }
wheels = [
    { url = "https://files.pythonhosted.org/packages/3a/2a/7cc015f5b9f5db42b7d48157e23356022889fc354a2813c15934b7cb5c0e/attrs-25.4.0-py3-none-any.whl", hash = "sha256:adcf7e2a1fb3b36ac48d97835bb6d8ade15b8dcce26aba8bf1d14847b57a3373", size = 67615, upload-time = "2025-10-06T13:54:43.17Z" },
]

[[package]]
name = "filelock"
version = "3.20.0"
source = { registry = "https://pypi.org/simple" }
sdist = { url = "https://files.pythonhosted.org/packages/58/46/0028a82567109b5ef6e4d2a1f04a583fb513e6cf9527fcdd09afd817deeb/filelock-3.20.0.tar.gz", hash = "sha256:711e943b4ec6be42e1d4e6690b48dc175c822967466bb31c0c293f34334c13f4", size = 18922, upload-time = "2025-10-08T18:03:50.056Z" }
wheels = [
    { url = "https://files.pythonhosted.org/packages/76/91/7216b27286936c16f5b4d0c530087e4a54eead683e6b0b73dd0c64844af6/filelock-3.20.0-py3-none-any.whl", hash = "sha256:339b4732ffda5cd79b13f4e2711a31b0365ce445d95d243bb996273d072546a2", size = 16054, upload-time = "2025-10-08T18:03:48.35Z" },
]

[[package]]
name = "medical-bot"
version = "0.1.0"
source = { virtual = "." }
dependencies = [
    { name = "attrs" },
    { name = "filelock" },
    { name = "pip" },
]

[package.metadata]
requires-dist = [
    { name = "attrs", specifier = "~=25.4.0" },
    { name = "filelock", specifier = "~=3.20.0" },
    { name = "pip", specifier = "~=23.2.1" },
]

[[package]]
name = "pip"
version = "23.2.1"
source = { registry = "https://pypi.org/simple" }
sdist = { url = "https://files.pythonhosted.org/packages/ba/19/e63fb4e0d20e48bd2167bb7e857abc0e21679e24805ba921a224df8977c0/pip-23.2.1.tar.gz", hash = "sha256:fb0bd5435b3200c602b5bf61d2d43c2f13c02e29c1707567ae7fbc514eb9faf2", size = 2109449, upload-time = "2023-07-22T09:17:34.056Z" }
wheels = [
    { url = "https://files.pythonhosted.org/packages/50/c2/e06851e8cc28dcad7c155f4753da8833ac06a5c704c109313b8d5a62968a/pip-23.2.1-py3-none-any.whl", hash = "sha256:7ccf472345f20d35bdc9d1841ff5f313260c2c33fe417f48c30ac46cccabf5be", size = 2086091, upload-time = "2023-07-22T09:17:31.548Z" },
]
